{"1.2.0",
[{<<"gleam_http">>,{pkg,<<"gleam_http">>,<<"1.4.0">>},0},
 {<<"gleam_httpc">>,{pkg,<<"gleam_httpc">>,<<"0.1.1">>},0},
 {<<"gleam_stdlib">>,{pkg,<<"gleam_stdlib">>,<<"0.13.0">>},0},
 {<<"iso8601">>,
  {git,"https://github.com/erlsci/iso8601.git",
       {ref,"fdb0fd12d729c53f4ae6f8c2f893fd6698b8b10e"}},
  0},
 {<<"jsone">>,{pkg,<<"jsone">>,<<"1.5.5">>},0}]}.
[
{pkg_hash,[
 {<<"gleam_http">>, <<"5A149037A298CCA365F2E447736D7B15F620E95C2028658EB3ADDBA05725DB08">>},
 {<<"gleam_httpc">>, <<"4F043D1CD5CABC0A698DC38458EF590A4295DF67AD87D20EA8D6D15F66CC8124">>},
 {<<"gleam_stdlib">>, <<"604A40E0FBE6C688651A5AD5E892913ED314AB626D18D361A7FD8BF367907551">>},
 {<<"jsone">>, <<"E88519CA0427C83D0106C773AFA7231429D0221AAE9A4A4B11F9CA73EC18978A">>}]},
{pkg_hash_ext,[
 {<<"gleam_http">>, <<"F1E1FDE4BBCF905CE0E9C1A867D56E05D8898945C8E10C247235A6D9623FF045">>},
 {<<"gleam_httpc">>, <<"429AFBA1594E94C76096CFFD75E0B2BD8D7AD9E8CF13A9120BCEB4CD4E801FA2">>},
 {<<"gleam_stdlib">>, <<"35A005F4DACA2775687E46F4E20CEC799563A698A16F8BCC0CF281522AD717F1">>},
 {<<"jsone">>, <<"ECB60CBA1323679209686EEB56EB10A57B31CEB601D96840B04D8C6D39FB9CF5">>}]}
].
