{"1.2.0",
[{<<"gleam_http">>,{pkg,<<"gleam_http">>,<<"2.0.0">>},0},
 {<<"gleam_httpc">>,{pkg,<<"gleam_httpc">>,<<"0.1.1">>},0},
 {<<"gleam_stdlib">>,{pkg,<<"gleam_stdlib">>,<<"0.15.0">>},0},
 {<<"iso8601">>,
  {git,"https://github.com/erlsci/iso8601.git",
       {ref,"fdb0fd12d729c53f4ae6f8c2f893fd6698b8b10e"}},
  0},
 {<<"jsone">>,{pkg,<<"jsone">>,<<"1.5.7">>},0}]}.
[
{pkg_hash,[
 {<<"gleam_http">>, <<"5CEDF334F58A5C646A302DB98CEFAFC36C34606C8F479CB5AB27ED3C06A5C546">>},
 {<<"gleam_httpc">>, <<"4F043D1CD5CABC0A698DC38458EF590A4295DF67AD87D20EA8D6D15F66CC8124">>},
 {<<"gleam_stdlib">>, <<"7979CDEA88D206250845F129A342C82FB04DA5DFD4ECE3CC5C6A1E3983117D15">>},
 {<<"jsone">>, <<"036EC290BF3B2B3348B2EEC199A0FCDA62CE296AB6B736A403A6A440C5203618">>}]},
{pkg_hash_ext,[
 {<<"gleam_http">>, <<"0FC0D01067E15E7AEC0A46F5897962217EAE9D3EA12FBAB1C0B6813822B6A1F3">>},
 {<<"gleam_httpc">>, <<"429AFBA1594E94C76096CFFD75E0B2BD8D7AD9E8CF13A9120BCEB4CD4E801FA2">>},
 {<<"gleam_stdlib">>, <<"22B54D25271227B20E28B3DB341E39FEB04DB88D10A01AA7537F5FFD428CB0D2">>},
 {<<"jsone">>, <<"5F146CBF953469667EEE145FB066D6EE6B9B181BCFD547295317526E7464D732">>}]}
].
